# Generated by pub
# See https://dart.dev/tools/pub/glossary#lockfile
packages:
  animate_do:
    dependency: "direct main"
    description:
      name: animate_do
      sha256: "9aeacc1a7238f971c039bdf45d13c628be554a242e0251c4ddda09d19a1a923f"
      url: "https://pub.dev"
    source: hosted
    version: "3.0.2"
  archive:
    dependency: transitive
    description:
      name: archive
      sha256: "76d919e063a09d19d61f99463a20dba1c1e8d0bc3a5eba91bac2853fac095373"
      url: "https://pub.dev"
    source: hosted
    version: "3.3.4"
  async:
    dependency: transitive
    description:
      name: async
      sha256: bfe67ef28df125b7dddcea62755991f807aa39a2492a23e1550161692950bbe0
      url: "https://pub.dev"
    source: hosted
    version: "2.10.0"
  bloc:
    dependency: "direct main"
    description:
      name: bloc
      sha256: bd4f8027bfa60d96c8046dec5ce74c463b2c918dce1b0d36593575995344534a
      url: "https://pub.dev"
    source: hosted
    version: "8.1.0"
  boolean_selector:
    dependency: transitive
    description:
      name: boolean_selector
      sha256: "6cfb5af12253eaf2b368f07bacc5a80d1301a071c73360d746b7f2e32d762c66"
      url: "https://pub.dev"
    source: hosted
    version: "2.1.1"
  characters:
    dependency: transitive
    description:
      name: characters
      sha256: e6a326c8af69605aec75ed6c187d06b349707a27fbff8222ca9cc2cff167975c
      url: "https://pub.dev"
    source: hosted
    version: "1.2.1"
  clock:
    dependency: transitive
    description:
      name: clock
      sha256: cb6d7f03e1de671e34607e909a7213e31d7752be4fb66a86d29fe1eb14bfb5cf
      url: "https://pub.dev"
    source: hosted
    version: "1.1.1"
  collection:
    dependency: transitive
    description:
      name: collection
      sha256: cfc915e6923fe5ce6e153b0723c753045de46de1b4d63771530504004a45fae0
      url: "https://pub.dev"
    source: hosted
    version: "1.17.0"
  conditional_builder_null_safety:
    dependency: "direct main"
    description:
      name: conditional_builder_null_safety
      sha256: "4428f40c20e222acead5e424fb9fba261733fc9da06ef58a08d9477207b0adfd"
      url: "https://pub.dev"
    source: hosted
    version: "0.0.6"
  convert:
    dependency: transitive
    description:
      name: convert
      sha256: "0f08b14755d163f6e2134cb58222dd25ea2a2ee8a195e53983d57c075324d592"
      url: "https://pub.dev"
    source: hosted
    version: "3.1.1"
  cool_alert:
    dependency: "direct main"
    description:
      name: cool_alert
      sha256: "48a0b6c04914b6dc7e8d7eaccf2adf21bace6533a3eda0aeb412e0d7a03dc00a"
      url: "https://pub.dev"
    source: hosted
    version: "1.1.0"
  crypto:
    dependency: transitive
    description:
      name: crypto
      sha256: aa274aa7774f8964e4f4f38cc994db7b6158dd36e9187aaceaddc994b35c6c67
      url: "https://pub.dev"
    source: hosted
    version: "3.0.2"
  cupertino_icons:
    dependency: "direct main"
    description:
      name: cupertino_icons
      sha256: e35129dc44c9118cee2a5603506d823bab99c68393879edb440e0090d07586be
      url: "https://pub.dev"
    source: hosted
    version: "1.0.5"
  dio:
    dependency: "direct main"
    description:
      name: dio
      sha256: "7d328c4d898a61efc3cd93655a0955858e29a0aa647f0f9e02d59b3bb275e2e8"
      url: "https://pub.dev"
    source: hosted
    version: "4.0.6"
  dropdown_button2:
    dependency: "direct main"
    description:
      name: dropdown_button2
      sha256: "580bfe26a91e822a95d96e227ac02c1e14a7d5eea32501d0fbc6fe8d5c5606e5"
      url: "https://pub.dev"
    source: hosted
    version: "1.9.2"
  dropdown_textfield:
    dependency: "direct main"
    description:
      name: dropdown_textfield
      sha256: bd56248a6b6f8218d93443c2bd8bff2bd99e12dc7ad09783f6a01f4cafd6e519
      url: "https://pub.dev"
    source: hosted
    version: "1.0.7"
  equatable:
    dependency: transitive
    description:
      name: equatable
      sha256: c2b87cb7756efdf69892005af546c56c0b5037f54d2a88269b4f347a505e3ca2
      url: "https://pub.dev"
    source: hosted
    version: "2.0.5"
  fake_async:
    dependency: transitive
    description:
      name: fake_async
      sha256: "511392330127add0b769b75a987850d136345d9227c6b94c96a04cf4a391bf78"
      url: "https://pub.dev"
    source: hosted
    version: "1.3.1"
  ffi:
    dependency: transitive
    description:
      name: ffi
      sha256: a38574032c5f1dd06c4aee541789906c12ccaab8ba01446e800d9c5b79c4a978
      url: "https://pub.dev"
    source: hosted
    version: "2.0.1"
  file:
    dependency: transitive
    description:
      name: file
      sha256: "1b92bec4fc2a72f59a8e15af5f52cd441e4a7860b49499d69dfa817af20e925d"
      url: "https://pub.dev"
    source: hosted
    version: "6.1.4"
  filter_list:
    dependency: "direct main"
    description:
      name: filter_list
      sha256: "2d80d6d19beb7847c1176e8bf6fe06d302b23eb7d1bf48c231dd730409ff9b4d"
      url: "https://pub.dev"
    source: hosted
    version: "1.0.2"
  flare_flutter:
    dependency: transitive
    description:
      name: flare_flutter
      sha256: "99d63c60f00fac81249ce6410ee015d7b125c63d8278a30da81edf3317a1f6a0"
      url: "https://pub.dev"
    source: hosted
    version: "3.0.2"
  flutter:
    dependency: "direct main"
    description: flutter
    source: sdk
    version: "0.0.0"
  flutter_barcode_scanner:
    dependency: "direct main"
    description:
      name: flutter_barcode_scanner
      sha256: a4ba37daf9933f451a5e812c753ddd045d6354e4a3280342d895b07fecaab3fa
      url: "https://pub.dev"
    source: hosted
    version: "2.0.0"
  flutter_bloc:
    dependency: "direct main"
    description:
      name: flutter_bloc
      sha256: "890c51c8007f0182360e523518a0c732efb89876cb4669307af7efada5b55557"
      url: "https://pub.dev"
    source: hosted
    version: "8.1.1"
  flutter_lints:
    dependency: "direct dev"
    description:
      name: flutter_lints
      sha256: aeb0b80a8b3709709c9cc496cdc027c5b3216796bc0af0ce1007eaf24464fd4c
      url: "https://pub.dev"
    source: hosted
    version: "2.0.1"
  flutter_plugin_android_lifecycle:
    dependency: transitive
    description:
      name: flutter_plugin_android_lifecycle
      sha256: "60fc7b78455b94e6de2333d2f95196d32cf5c22f4b0b0520a628804cb463503b"
      url: "https://pub.dev"
    source: hosted
    version: "2.0.7"
  flutter_spinkit:
    dependency: "direct main"
    description:
      name: flutter_spinkit
      sha256: "77a2117c0517ff909221f3160b8eb20052ab5216107581168af574ac1f05dff8"
      url: "https://pub.dev"
    source: hosted
    version: "5.1.0"
  flutter_test:
    dependency: "direct dev"
    description: flutter
    source: sdk
    version: "0.0.0"
  flutter_tts:
    dependency: "direct main"
    description:
      name: flutter_tts
      sha256: e91ad17793ad12cca9c3066accf99ceb353bf0355ad06b767176f178b5c428f6
      url: "https://pub.dev"
    source: hosted
    version: "3.6.3"
  flutter_web_plugins:
    dependency: transitive
    description: flutter
    source: sdk
    version: "0.0.0"
  flutter_windowmanager:
    dependency: "direct main"
    description:
      name: flutter_windowmanager
      sha256: b4d0bc06f6777952b729c0cdb7ce9ad1ecabd8b8b1cb0acb57a36621457dab1b
      url: "https://pub.dev"
    source: hosted
    version: "0.2.0"
  hexcolor:
    dependency: "direct main"
    description:
      name: hexcolor
      sha256: e572c3346f4b26422a281dc4c10f83022131f56f7364837671b50f53c7adc5e7
      url: "https://pub.dev"
    source: hosted
    version: "2.0.7"
  http_parser:
    dependency: transitive
    description:
      name: http_parser
      sha256: "2aa08ce0341cc9b354a498388e30986515406668dbcc4f7c950c3e715496693b"
      url: "https://pub.dev"
    source: hosted
    version: "4.0.2"
  intl:
    dependency: transitive
    description:
      name: intl
      sha256: "910f85bce16fb5c6f614e117efa303e85a1731bb0081edf3604a2ae6e9a3cc91"
      url: "https://pub.dev"
    source: hosted
    version: "0.17.0"
  js:
    dependency: transitive
    description:
      name: js
      sha256: "5528c2f391ededb7775ec1daa69e65a2d61276f7552de2b5f7b8d34ee9fd4ab7"
      url: "https://pub.dev"
    source: hosted
    version: "0.6.5"
  json_annotation:
    dependency: transitive
    description:
      name: json_annotation
      sha256: c33da08e136c3df0190bd5bbe51ae1df4a7d96e7954d1d7249fea2968a72d317
      url: "https://pub.dev"
    source: hosted
    version: "4.8.0"
  lints:
    dependency: transitive
    description:
      name: lints
      sha256: "5e4a9cd06d447758280a8ac2405101e0e2094d2a1dbdd3756aec3fe7775ba593"
      url: "https://pub.dev"
    source: hosted
    version: "2.0.1"
  local_auth:
    dependency: "direct main"
    description:
      name: local_auth
      sha256: "792b06b9e7deb52f1f55b5de678a319261c395e61d804e0f3f97c732cf002aef"
      url: "https://pub.dev"
    source: hosted
    version: "2.1.2"
  local_auth_android:
    dependency: transitive
    description:
      name: local_auth_android
      sha256: dbbfee4e1c0689d89259580beb7d61b847c599536575365282da87e36cf63653
      url: "https://pub.dev"
    source: hosted
    version: "1.0.15"
  local_auth_ios:
    dependency: transitive
    description:
      name: local_auth_ios
      sha256: "0f1aa3fd625082b2a8291af830890bb43471d8421ab5c46934ca68a696743543"
      url: "https://pub.dev"
    source: hosted
    version: "1.0.10"
  local_auth_platform_interface:
    dependency: transitive
    description:
      name: local_auth_platform_interface
      sha256: b069647f81ed12c833d3f1f7c2880e20b86ca04429e786df76731ac2d4220c47
      url: "https://pub.dev"
    source: hosted
    version: "1.0.5"
  local_auth_windows:
    dependency: transitive
    description:
      name: local_auth_windows
      sha256: "53ef7487587e1cb06755861a9a74585b3b361ba1969ad374c728c75771a14fbb"
      url: "https://pub.dev"
    source: hosted
    version: "1.0.4"
  lottie:
    dependency: "direct main"
    description:
      name: lottie
      sha256: "893da7a0022ec2fcaa616f34529a081f617e86cc501105b856e5a3184c58c7c2"
      url: "https://pub.dev"
    source: hosted
    version: "1.4.3"
  matcher:
    dependency: transitive
    description:
      name: matcher
      sha256: "16db949ceee371e9b99d22f88fa3a73c4e59fd0afed0bd25fc336eb76c198b72"
      url: "https://pub.dev"
    source: hosted
    version: "0.12.13"
  material_color_utilities:
    dependency: transitive
    description:
      name: material_color_utilities
      sha256: d92141dc6fe1dad30722f9aa826c7fbc896d021d792f80678280601aff8cf724
      url: "https://pub.dev"
    source: hosted
    version: "0.2.0"
  meta:
    dependency: transitive
    description:
      name: meta
      sha256: "6c268b42ed578a53088d834796959e4a1814b5e9e164f147f580a386e5decf42"
      url: "https://pub.dev"
    source: hosted
    version: "1.8.0"
  nested:
    dependency: transitive
    description:
      name: nested
      sha256: "03bac4c528c64c95c722ec99280375a6f2fc708eec17c7b3f07253b626cd2a20"
      url: "https://pub.dev"
    source: hosted
    version: "1.0.0"
  path:
    dependency: transitive
    description:
      name: path
      sha256: db9d4f58c908a4ba5953fcee2ae317c94889433e5024c27ce74a37f94267945b
      url: "https://pub.dev"
    source: hosted
    version: "1.8.2"
  path_provider_linux:
    dependency: transitive
    description:
      name: path_provider_linux
      sha256: "2e32f1640f07caef0d3cb993680f181c79e54a3827b997d5ee221490d131fbd9"
      url: "https://pub.dev"
    source: hosted
    version: "2.1.8"
  path_provider_platform_interface:
    dependency: transitive
    description:
      name: path_provider_platform_interface
      sha256: f0abc8ebd7253741f05488b4813d936b4d07c6bae3e86148a09e342ee4b08e76
      url: "https://pub.dev"
    source: hosted
    version: "2.0.5"
  path_provider_windows:
    dependency: transitive
    description:
      name: path_provider_windows
      sha256: bcabbe399d4042b8ee687e17548d5d3f527255253b4a639f5f8d2094a9c2b45c
      url: "https://pub.dev"
    source: hosted
    version: "2.1.3"
  pedantic:
    dependency: transitive
    description:
      name: pedantic
      sha256: "67fc27ed9639506c856c840ccce7594d0bdcd91bc8d53d6e52359449a1d50602"
      url: "https://pub.dev"
    source: hosted
    version: "1.11.1"
  percent_indicator:
    dependency: "direct main"
    description:
      name: percent_indicator
      sha256: cec41f67181fbd5322aa68b355621d1a4eea827426b8eeb613f6cbe195ff7b4a
      url: "https://pub.dev"
    source: hosted
    version: "4.2.2"
  platform:
    dependency: transitive
    description:
      name: platform
      sha256: "4a451831508d7d6ca779f7ac6e212b4023dd5a7d08a27a63da33756410e32b76"
      url: "https://pub.dev"
    source: hosted
    version: "3.1.0"
  plugin_platform_interface:
    dependency: transitive
    description:
      name: plugin_platform_interface
      sha256: dbf0f707c78beedc9200146ad3cb0ab4d5da13c246336987be6940f026500d3a
      url: "https://pub.dev"
    source: hosted
    version: "2.1.3"
  pointycastle:
    dependency: transitive
    description:
      name: pointycastle
      sha256: db7306cf0249f838d1a24af52b5a5887c5bf7f31d8bb4e827d071dc0939ad346
      url: "https://pub.dev"
    source: hosted
    version: "3.6.2"
  process:
    dependency: transitive
    description:
      name: process
      sha256: "53fd8db9cec1d37b0574e12f07520d582019cb6c44abf5479a01505099a34a09"
      url: "https://pub.dev"
    source: hosted
    version: "4.2.4"
  provider:
    dependency: transitive
    description:
      name: provider
      sha256: e1e7413d70444ea3096815a60fe5da1b11bda8a9dc4769252cc82c53536f8bcc
      url: "https://pub.dev"
    source: hosted
    version: "6.0.4"
  qr:
    dependency: transitive
    description:
      name: qr
      sha256: "5c4208b4dc0d55c3184d10d83ee0ded6212dc2b5e2ba17c5a0c0aab279128d21"
      url: "https://pub.dev"
    source: hosted
    version: "2.1.0"
  qr_flutter:
    dependency: "direct main"
    description:
      name: qr_flutter
      sha256: c5c121c54cb6dd837b9b9d57eb7bc7ec6df4aee741032060c8833a678c80b87e
      url: "https://pub.dev"
    source: hosted
    version: "4.0.0"
  shared_preferences:
    dependency: "direct main"
    description:
      name: shared_preferences
      sha256: "5949029e70abe87f75cfe59d17bf5c397619c4b74a099b10116baeb34786fad9"
      url: "https://pub.dev"
    source: hosted
    version: "2.0.17"
  shared_preferences_android:
    dependency: transitive
    description:
      name: shared_preferences_android
      sha256: "955e9736a12ba776bdd261cf030232b30eadfcd9c79b32a3250dd4a494e8c8f7"
      url: "https://pub.dev"
    source: hosted
    version: "2.0.15"
  shared_preferences_foundation:
    dependency: transitive
    description:
      name: shared_preferences_foundation
      sha256: "2b55c18636a4edc529fa5cd44c03d3f3100c00513f518c5127c951978efcccd0"
      url: "https://pub.dev"
    source: hosted
    version: "2.1.3"
  shared_preferences_linux:
    dependency: transitive
    description:
      name: shared_preferences_linux
      sha256: f8ea038aa6da37090093974ebdcf4397010605fd2ff65c37a66f9d28394cb874
      url: "https://pub.dev"
    source: hosted
    version: "2.1.3"
  shared_preferences_platform_interface:
    dependency: transitive
    description:
      name: shared_preferences_platform_interface
      sha256: da9431745ede5ece47bc26d5d73a9d3c6936ef6945c101a5aca46f62e52c1cf3
      url: "https://pub.dev"
    source: hosted
    version: "2.1.0"
  shared_preferences_web:
    dependency: transitive
    description:
      name: shared_preferences_web
      sha256: a4b5bc37fe1b368bbc81f953197d55e12f49d0296e7e412dfe2d2d77d6929958
      url: "https://pub.dev"
    source: hosted
    version: "2.0.4"
  shared_preferences_windows:
    dependency: transitive
    description:
      name: shared_preferences_windows
      sha256: "5eaf05ae77658d3521d0e993ede1af962d4b326cd2153d312df716dc250f00c9"
      url: "https://pub.dev"
    source: hosted
    version: "2.1.3"
  sizer:
    dependency: "direct main"
    description:
      name: sizer
      sha256: d2b3cb6cbc4a637f508dacd786bae55df31e5fc088044248a43e4fd1e050c117
      url: "https://pub.dev"
    source: hosted
    version: "2.0.15"
  sky_engine:
    dependency: transitive
    description: flutter
    source: sdk
    version: "0.0.99"
  sleek_circular_slider:
    dependency: "direct main"
    description:
      name: sleek_circular_slider
      sha256: "8844d036269a13e60dda4e16534d30d27cacaff8d2f10d042d9d61d111468b13"
      url: "https://pub.dev"
    source: hosted
    version: "2.0.1"
  source_span:
    dependency: transitive
    description:
      name: source_span
      sha256: dd904f795d4b4f3b870833847c461801f6750a9fa8e61ea5ac53f9422b31f250
      url: "https://pub.dev"
    source: hosted
    version: "1.9.1"
  speech_to_text:
    dependency: "direct main"
    description:
      name: speech_to_text
      sha256: ff8fbd31d039bdbac6c7ec9f0516d37df2cbea62c45198326d3b64034e6fb920
      url: "https://pub.dev"
    source: hosted
    version: "6.1.1"
  speech_to_text_macos:
    dependency: transitive
    description:
      name: speech_to_text_macos
      sha256: "6b5575e5a8346be1779838b0a482c259474965b5943668830b479147a75b5bfc"
      url: "https://pub.dev"
    source: hosted
    version: "1.0.2"
  speech_to_text_platform_interface:
    dependency: transitive
    description:
      name: speech_to_text_platform_interface
      sha256: "13d90215a7554b9a8c1ce47c0a1739af8eacd2cf196ca66351e54dfd2172746d"
      url: "https://pub.dev"
    source: hosted
    version: "2.0.1"
  stack_trace:
    dependency: transitive
    description:
      name: stack_trace
      sha256: c3c7d8edb15bee7f0f74debd4b9c5f3c2ea86766fe4178eb2a18eb30a0bdaed5
      url: "https://pub.dev"
    source: hosted
    version: "1.11.0"
  stream_channel:
    dependency: transitive
    description:
      name: stream_channel
      sha256: "83615bee9045c1d322bbbd1ba209b7a749c2cbcdcb3fdd1df8eb488b3279c1c8"
      url: "https://pub.dev"
    source: hosted
    version: "2.1.1"
  string_scanner:
    dependency: transitive
    description:
      name: string_scanner
      sha256: "556692adab6cfa87322a115640c11f13cb77b3f076ddcc5d6ae3c20242bedcde"
      url: "https://pub.dev"
    source: hosted
    version: "1.2.0"
  syncfusion_flutter_charts:
    dependency: "direct main"
    description:
      name: syncfusion_flutter_charts
      sha256: ac81cbde74468f9ad9931e1aa81cd9a9452b315ceb1f6a708c1c718bf566939e
      url: "https://pub.dev"
    source: hosted
    version: "20.3.60"
  syncfusion_flutter_core:
    dependency: transitive
    description:
      name: syncfusion_flutter_core
      sha256: "62191310045683672145c7fb5d0e5f9417f1cae875c60c10633c9617b808b75c"
      url: "https://pub.dev"
    source: hosted
    version: "20.3.60"
  term_glyph:
    dependency: transitive
    description:
      name: term_glyph
      sha256: a29248a84fbb7c79282b40b8c72a1209db169a2e0542bce341da992fe1bc7e84
      url: "https://pub.dev"
    source: hosted
    version: "1.2.1"
  test_api:
    dependency: transitive
    description:
      name: test_api
      sha256: ad540f65f92caa91bf21dfc8ffb8c589d6e4dc0c2267818b4cc2792857706206
      url: "https://pub.dev"
    source: hosted
    version: "0.4.16"
  typed_data:
    dependency: transitive
    description:
      name: typed_data
      sha256: "26f87ade979c47a150c9eaab93ccd2bebe70a27dc0b4b29517f2904f04eb11a5"
      url: "https://pub.dev"
    source: hosted
    version: "1.3.1"
  universal_io:
    dependency: transitive
    description:
      name: universal_io
      sha256: "79f78ddad839ee3aae3ec7c01eb4575faf0d5c860f8e5223bc9f9c17f7f03cef"
      url: "https://pub.dev"
    source: hosted
    version: "2.0.4"
  url_launcher:
    dependency: "direct main"
    description:
      name: url_launcher
      sha256: "75f2846facd11168d007529d6cd8fcb2b750186bea046af9711f10b907e1587e"
      url: "https://pub.dev"
    source: hosted
    version: "6.1.10"
  url_launcher_android:
    dependency: transitive
    description:
      name: url_launcher_android
      sha256: "1f4d9ebe86f333c15d318f81dcdc08b01d45da44af74552608455ebdc08d9732"
      url: "https://pub.dev"
    source: hosted
    version: "6.0.24"
  url_launcher_ios:
    dependency: transitive
    description:
      name: url_launcher_ios
      sha256: c9cd648d2f7ab56968e049d4e9116f96a85517f1dd806b96a86ea1018a3a82e5
      url: "https://pub.dev"
    source: hosted
    version: "6.1.1"
  url_launcher_linux:
    dependency: transitive
    description:
      name: url_launcher_linux
      sha256: e29039160ab3730e42f3d811dc2a6d5f2864b90a70fb765ea60144b03307f682
      url: "https://pub.dev"
    source: hosted
    version: "3.0.3"
  url_launcher_macos:
    dependency: transitive
    description:
      name: url_launcher_macos
      sha256: "2dddb3291a57b074dade66b5e07e64401dd2487caefd4e9e2f467138d8c7eb06"
      url: "https://pub.dev"
    source: hosted
    version: "3.0.3"
  url_launcher_platform_interface:
    dependency: transitive
    description:
      name: url_launcher_platform_interface
      sha256: "6c9ca697a5ae218ce56cece69d46128169a58aa8653c1b01d26fcd4aad8c4370"
      url: "https://pub.dev"
    source: hosted
    version: "2.1.2"
  url_launcher_web:
    dependency: transitive
    description:
      name: url_launcher_web
      sha256: "574cfbe2390666003c3a1d129bdc4574aaa6728f0c00a4829a81c316de69dd9b"
      url: "https://pub.dev"
    source: hosted
    version: "2.0.15"
  url_launcher_windows:
    dependency: transitive
    description:
      name: url_launcher_windows
      sha256: "97c9067950a0d09cbd93e2e3f0383d1403989362b97102fbf446473a48079a4b"
      url: "https://pub.dev"
    source: hosted
    version: "3.0.4"
  vector_math:
    dependency: transitive
    description:
      name: vector_math
      sha256: "80b3257d1492ce4d091729e3a67a60407d227c27241d6927be0130c98e741803"
      url: "https://pub.dev"
    source: hosted
    version: "2.1.4"
  win32:
    dependency: transitive
    description:
      name: win32
      sha256: c9ebe7ee4ab0c2194e65d3a07d8c54c5d00bb001b76081c4a04cdb8448b59e46
      url: "https://pub.dev"
    source: hosted
    version: "3.1.3"
  xdg_directories:
    dependency: transitive
    description:
      name: xdg_directories
      sha256: ee1505df1426458f7f60aac270645098d318a8b4766d85fde75f76f2e21807d1
      url: "https://pub.dev"
    source: hosted
    version: "1.0.0"
sdks:
  dart: ">=2.18.2 <3.0.0"
  flutter: ">=3.3.0"
